
Microsoft Visual Studio Solution File, Format Version 9.00
# Visual Studio 2005
Project("{FAE04EC0-301F-11D3-BF4B-00C04F79EFBC}") = "DriveCatalog", "DriveCatalog.csproj", "{978F3B65-A9F6-4B72-897E-7527ED24284D}"
	ProjectSection(WebsiteProperties) = preProject
		Debug.AspNetCompiler.Debug = "True"
		Release.AspNetCompiler.Debug = "False"
	EndProjectSection
EndProject
Global
	GlobalSection(SolutionConfigurationPlatforms) = preSolution
		Debug|Any CPU = Debug|Any CPU
		Release|Any CPU = Release|Any CPU
	EndGlobalSection
	GlobalSection(ProjectConfigurationPlatforms) = postSolution
		{978F3B65-A9F6-4B72-897E-7527ED24284D}.Debug|Any CPU.ActiveCfg = Debug|Any CPU
		{978F3B65-A9F6-4B72-897E-7527ED24284D}.Debug|Any CPU.Build.0 = Debug|Any CPU
		{978F3B65-A9F6-4B72-897E-7527ED24284D}.Release|Any CPU.ActiveCfg = Release|Any CPU
		{978F3B65-A9F6-4B72-897E-7527ED24284D}.Release|Any CPU.Build.0 = Release|Any CPU
	EndGlobalSection
	GlobalSection(SolutionProperties) = preSolution
		HideSolutionNode = FALSE
	EndGlobalSection
EndGlobal
